// !$*UTF8*$!
{
	archiveVersion = 1;
	classes = {
	};
	objectVersion = 50;
	objects = {

/* Begin PBXBuildFile section */
		3C2E3E8D23E9A5F200BB569E /* AppDelegate.swift in Sources */ = {isa = PBXBuildFile; fileRef = 3C2E3E8C23E9A5F200BB569E /* AppDelegate.swift */; };
		3C2E3E8F23E9A5F200BB569E /* ViewController.swift in Sources */ = {isa = PBXBuildFile; fileRef = 3C2E3E8E23E9A5F200BB569E /* ViewController.swift */; };
		3C2E3E9223E9A5F200BB569E /* Main.storyboard in Resources */ = {isa = PBXBuildFile; fileRef = 3C2E3E9023E9A5F200BB569E /* Main.storyboard */; };
		3C2E3E9423E9A5F500BB569E /* Assets.xcassets in Resources */ = {isa = PBXBuildFile; fileRef = 3C2E3E9323E9A5F500BB569E /* Assets.xcassets */; };
		3C2E3E9723E9A5F500BB569E /* LaunchScreen.storyboard in Resources */ = {isa = PBXBuildFile; fileRef = 3C2E3E9523E9A5F500BB569E /* LaunchScreen.storyboard */; };
		3C2E3EA223E9A5F500BB569E /* NewUITests.swift in Sources */ = {isa = PBXBuildFile; fileRef = 3C2E3EA123E9A5F500BB569E /* NewUITests.swift */; };
/* End PBXBuildFile section */

/* Begin PBXContainerItemProxy section */
		3C2E3E9E23E9A5F500BB569E /* PBXContainerItemProxy */ = {
			isa = PBXContainerItemProxy;
			containerPortal = 3C2E3E8123E9A5F200BB569E /* Project object */;
			proxyType = 1;
			remoteGlobalIDString = 3C2E3E8823E9A5F200BB569E;
			remoteInfo = New;
		};
/* End PBXContainerItemProxy section */

/* Begin PBXFileReference section */
		3C2E3E8923E9A5F200BB569E /* New.app */ = {isa = PBXFileReference; explicitFileType = wrapper.application; includeInIndex = 0; path = New.app; sourceTree = BUILT_PRODUCTS_DIR; };
		3C2E3E8C23E9A5F200BB569E /* AppDelegate.swift */ = {isa = PBXFileReference; lastKnownFileType = sourcecode.swift; path = AppDelegate.swift; sourceTree = "<group>"; };
		3C2E3E8E23E9A5F200BB569E /* ViewController.swift */ = {isa = PBXFileReference; lastKnownFileType = sourcecode.swift; path = ViewController.swift; sourceTree = "<group>"; };
		3C2E3E9123E9A5F200BB569E /* Base */ = {isa = PBXFileReference; lastKnownFileType = file.storyboard; name = Base; path = Base.lproj/Main.storyboard; sourceTree = "<group>"; };
		3C2E3E9323E9A5F500BB569E /* Assets.xcassets */ = {isa = PBXFileReference; lastKnownFileType = folder.assetcatalog; path = Assets.xcassets; sourceTree = "<group>"; };
		3C2E3E9623E9A5F500BB569E /* Base */ = {isa = PBXFileReference; lastKnownFileType = file.storyboard; name = Base; path = Base.lproj/LaunchScreen.storyboard; sourceTree = "<group>"; };
		3C2E3E9823E9A5F500BB569E /* Info.plist */ = {isa = PBXFileReference; lastKnownFileType = text.plist.xml; path = Info.plist; sourceTree = "<group>"; };
		3C2E3E9D23E9A5F500BB569E /* NewUITests.xctest */ = {isa = PBXFileReference; explicitFileType = wrapper.cfbundle; includeInIndex = 0; path = NewUITests.xctest; sourceTree = BUILT_PRODUCTS_DIR; };
		3C2E3EA123E9A5F500BB569E /* NewUITests.swift */ = {isa = PBXFileReference; lastKnownFileType = sourcecode.swift; path = NewUITests.swift; sourceTree = "<group>"; };
		3C2E3EA323E9A5F500BB569E /* Info.plist */ = {isa = PBXFileReference; lastKnownFileType = text.plist.xml; path = Info.plist; sourceTree = "<group>"; };
/* End PBXFileReference section */

/* Begin PBXFrameworksBuildPhase section */
		3C2E3E8623E9A5F200BB569E /* Frameworks */ = {
			isa = PBXFrameworksBuildPhase;
			buildActionMask = 2147483647;
			files = (
			);
			runOnlyForDeploymentPostprocessing = 0;
		};
		3C2E3E9A23E9A5F500BB569E /* Frameworks */ = {
			isa = PBXFrameworksBuildPhase;
			buildActionMask = 2147483647;
			files = (
			);
			runOnlyForDeploymentPostprocessing = 0;
		};
/* End PBXFrameworksBuildPhase section */

/* Begin PBXGroup section */
		3C2E3E8023E9A5F200BB569E = {
			isa = PBXGroup;
			children = (
				3C2E3E8B23E9A5F200BB569E /* New */,
				3C2E3EA023E9A5F500BB569E /* NewUITests */,
				3C2E3E8A23E9A5F200BB569E /* Products */,
			);
			sourceTree = "<group>";
		};
		3C2E3E8A23E9A5F200BB569E /* Products */ = {
			isa = PBXGroup;
			children = (
				3C2E3E8923E9A5F200BB569E /* New.app */,
				3C2E3E9D23E9A5F500BB569E /* NewUITests.xctest */,
			);
			name = Products;
			sourceTree = "<group>";
		};
		3C2E3E8B23E9A5F200BB569E /* New */ = {
			isa = PBXGroup;
			children = (
				3C2E3E8C23E9A5F200BB569E /* AppDelegate.swift */,
				3C2E3E8E23E9A5F200BB569E /* ViewController.swift */,
				3C2E3E9023E9A5F200BB569E /* Main.storyboard */,
				3C2E3E9323E9A5F500BB569E /* Assets.xcassets */,
				3C2E3E9523E9A5F500BB569E /* LaunchScreen.storyboard */,
				3C2E3E9823E9A5F500BB569E /* Info.plist */,
			);
			path = New;
			sourceTree = "<group>";
		};
		3C2E3EA023E9A5F500BB569E /* NewUITests */ = {
			isa = PBXGroup;
			children = (
				3C2E3EA123E9A5F500BB569E /* NewUITests.swift */,
				3C2E3EA323E9A5F500BB569E /* Info.plist */,
			);
			path = NewUITests;
			sourceTree = "<group>";
		};
/* End PBXGroup section */

/* Begin PBXNativeTarget section */
		3C2E3E8823E9A5F200BB569E /* New */ = {
			isa = PBXNativeTarget;
			buildConfigurationList = 3C2E3EA623E9A5F500BB569E /* Build configuration list for PBXNativeTarget "New" */;
			buildPhases = (
				3C2E3E8523E9A5F200BB569E /* Sources */,
				3C2E3E8623E9A5F200BB569E /* Frameworks */,
				3C2E3E8723E9A5F200BB569E /* Resources */,
			);
			buildRules = (
			);
			dependencies = (
			);
			name = New;
			productName = New;
			productReference = 3C2E3E8923E9A5F200BB569E /* New.app */;
			productType = "com.apple.product-type.application";
		};
		3C2E3E9C23E9A5F500BB569E /* NewUITests */ = {
			isa = PBXNativeTarget;
			buildConfigurationList = 3C2E3EA923E9A5F500BB569E /* Build configuration list for PBXNativeTarget "NewUITests" */;
			buildPhases = (
				3C2E3E9923E9A5F500BB569E /* Sources */,
				3C2E3E9A23E9A5F500BB569E /* Frameworks */,
				3C2E3E9B23E9A5F500BB569E /* Resources */,
			);
			buildRules = (
			);
			dependencies = (
				3C2E3E9F23E9A5F500BB569E /* PBXTargetDependency */,
			);
			name = NewUITests;
			productName = NewUITests;
			productReference = 3C2E3E9D23E9A5F500BB569E /* NewUITests.xctest */;
			productType = "com.apple.product-type.bundle.ui-testing";
		};
/* End PBXNativeTarget section */

/* Begin PBXProject section */
		3C2E3E8123E9A5F200BB569E /* Project object */ = {
			isa = PBXProject;
			attributes = {
				LastSwiftUpdateCheck = 1030;
				LastUpgradeCheck = 1030;
				ORGANIZATIONNAME = "Anjalee Abenayaka";
				TargetAttributes = {
					3C2E3E8823E9A5F200BB569E = {
						CreatedOnToolsVersion = 10.3;
					};
					3C2E3E9C23E9A5F500BB569E = {
						CreatedOnToolsVersion = 10.3;
						TestTargetID = 3C2E3E8823E9A5F200BB569E;
					};
				};
			};
			buildConfigurationList = 3C2E3E8423E9A5F200BB569E /* Build configuration list for PBXProject "New" */;
			compatibilityVersion = "Xcode 9.3";
			developmentRegion = en;
			hasScannedForEncodings = 0;
			knownRegions = (
				en,
				Base,
			);
			mainGroup = 3C2E3E8023E9A5F200BB569E;
			productRefGroup = 3C2E3E8A23E9A5F200BB569E /* Products */;
			projectDirPath = "";
			projectRoot = "";
			targets = (
				3C2E3E8823E9A5F200BB569E /* New */,
				3C2E3E9C23E9A5F500BB569E /* NewUITests */,
			);
		};
/* End PBXProject section */

/* Begin PBXResourcesBuildPhase section */
		3C2E3E8723E9A5F200BB569E /* Resources */ = {
			isa = PBXResourcesBuildPhase;
			buildActionMask = 2147483647;
			files = (
				3C2E3E9723E9A5F500BB569E /* LaunchScreen.storyboard in Resources */,
				3C2E3E9423E9A5F500BB569E /* Assets.xcassets in Resources */,
				3C2E3E9223E9A5F200BB569E /* Main.storyboard in Resources */,
			);
			runOnlyForDeploymentPostprocessing = 0;
		};
		3C2E3E9B23E9A5F500BB569E /* Resources */ = {
			isa = PBXResourcesBuildPhase;
			buildActionMask = 2147483647;
			files = (
			);
			runOnlyForDeploymentPostprocessing = 0;
		};
/* End PBXResourcesBuildPhase section */

/* Begin PBXSourcesBuildPhase section */
		3C2E3E8523E9A5F200BB569E /* Sources */ = {
			isa = PBXSourcesBuildPhase;
			buildActionMask = 2147483647;
			files = (
				3C2E3E8F23E9A5F200BB569E /* ViewController.swift in Sources */,
				3C2E3E8D23E9A5F200BB569E /* AppDelegate.swift in Sources */,
			);
			runOnlyForDeploymentPostprocessing = 0;
		};
		3C2E3E9923E9A5F500BB569E /* Sources */ = {
			isa = PBXSourcesBuildPhase;
			buildActionMask = 2147483647;
			files = (
				3C2E3EA223E9A5F500BB569E /* NewUITests.swift in Sources */,
			);
			runOnlyForDeploymentPostprocessing = 0;
		};
/* End PBXSourcesBuildPhase section */

/* Begin PBXTargetDependency section */
		3C2E3E9F23E9A5F500BB569E /* PBXTargetDependency */ = {
			isa = PBXTargetDependency;
			target = 3C2E3E8823E9A5F200BB569E /* New */;
			targetProxy = 3C2E3E9E23E9A5F500BB569E /* PBXContainerItemProxy */;
		};
/* End PBXTargetDependency section */

/* Begin PBXVariantGroup section */
		3C2E3E9023E9A5F200BB569E /* Main.storyboard */ = {
			isa = PBXVariantGroup;
			children = (
				3C2E3E9123E9A5F200BB569E /* Base */,
			);
			name = Main.storyboard;
			sourceTree = "<group>";
		};
		3C2E3E9523E9A5F500BB569E /* LaunchScreen.storyboard */ = {
			isa = PBXVariantGroup;
			children = (
				3C2E3E9623E9A5F500BB569E /* Base */,
			);
			name = LaunchScreen.storyboard;
			sourceTree = "<group>";
		};
/* End PBXVariantGroup section */

/* Begin XCBuildConfiguration section */
		3C2E3EA423E9A5F500BB569E /* Debug */ = {
			isa = XCBuildConfiguration;
			buildSettings = {
				ALWAYS_SEARCH_USER_PATHS = NO;
				CLANG_ANALYZER_NONNULL = YES;
				CLANG_ANALYZER_NUMBER_OBJECT_CONVERSION = YES_AGGRESSIVE;
				CLANG_CXX_LANGUAGE_STANDARD = "gnu++14";
				CLANG_CXX_LIBRARY = "libc++";
				CLANG_ENABLE_MODULES = YES;
				CLANG_ENABLE_OBJC_ARC = YES;
				CLANG_ENABLE_OBJC_WEAK = YES;
				CLANG_WARN_BLOCK_CAPTURE_AUTORELEASING = YES;
				CLANG_WARN_BOOL_CONVERSION = YES;
				CLANG_WARN_COMMA = YES;
				CLANG_WARN_CONSTANT_CONVERSION = YES;
				CLANG_WARN_DEPRECATED_OBJC_IMPLEMENTATIONS = YES;
				CLANG_WARN_DIRECT_OBJC_ISA_USAGE = YES_ERROR;
				CLANG_WARN_DOCUMENTATION_COMMENTS = YES;
				CLANG_WARN_EMPTY_BODY = YES;
				CLANG_WARN_ENUM_CONVERSION = YES;
				CLANG_WARN_INFINITE_RECURSION = YES;
				CLANG_WARN_INT_CONVERSION = YES;
				CLANG_WARN_NON_LITERAL_NULL_CONVERSION = YES;
				CLANG_WARN_OBJC_IMPLICIT_RETAIN_SELF = YES;
				CLANG_WARN_OBJC_LITERAL_CONVERSION = YES;
				CLANG_WARN_OBJC_ROOT_CLASS = YES_ERROR;
				CLANG_WARN_RANGE_LOOP_ANALYSIS = YES;
				CLANG_WARN_STRICT_PROTOTYPES = YES;
				CLANG_WARN_SUSPICIOUS_MOVE = YES;
				CLANG_WARN_UNGUARDED_AVAILABILITY = YES_AGGRESSIVE;
				CLANG_WARN_UNREACHABLE_CODE = YES;
				CLANG_WARN__DUPLICATE_METHOD_MATCH = YES;
				CODE_SIGN_IDENTITY = "iPhone Developer";
				COPY_PHASE_STRIP = NO;
				DEBUG_INFORMATION_FORMAT = dwarf;
				ENABLE_STRICT_OBJC_MSGSEND = YES;
				ENABLE_TESTABILITY = YES;
				GCC_C_LANGUAGE_STANDARD = gnu11;
				GCC_DYNAMIC_NO_PIC = NO;
				GCC_NO_COMMON_BLOCKS = YES;
				GCC_OPTIMIZATION_LEVEL = 0;
				GCC_PREPROCESSOR_DEFINITIONS = (
					"DEBUG=1",
					"$(inherited)",
				);
				GCC_WARN_64_TO_32_BIT_CONVERSION = YES;
				GCC_WARN_ABOUT_RETURN_TYPE = YES_ERROR;
				GCC_WARN_UNDECLARED_SELECTOR = YES;
				GCC_WARN_UNINITIALIZED_AUTOS = YES_AGGRESSIVE;
				GCC_WARN_UNUSED_FUNCTION = YES;
				GCC_WARN_UNUSED_VARIABLE = YES;
				IPHONEOS_DEPLOYMENT_TARGET = 12.4;
				MTL_ENABLE_DEBUG_INFO = INCLUDE_SOURCE;
				MTL_FAST_MATH = YES;
				ONLY_ACTIVE_ARCH = YES;
				SDKROOT = iphoneos;
				SWIFT_ACTIVE_COMPILATION_CONDITIONS = DEBUG;
				SWIFT_OPTIMIZATION_LEVEL = "-Onone";
			};
			name = Debug;
		};
		3C2E3EA523E9A5F500BB569E /* Release */ = {
			isa = XCBuildConfiguration;
			buildSettings = {
				ALWAYS_SEARCH_USER_PATHS = NO;
				CLANG_ANALYZER_NONNULL = YES;
				CLANG_ANALYZER_NUMBER_OBJECT_CONVERSION = YES_AGGRESSIVE;
				CLANG_CXX_LANGUAGE_STANDARD = "gnu++14";
				CLANG_CXX_LIBRARY = "libc++";
				CLANG_ENABLE_MODULES = YES;
				CLANG_ENABLE_OBJC_ARC = YES;
				CLANG_ENABLE_OBJC_WEAK = YES;
				CLANG_WARN_BLOCK_CAPTURE_AUTORELEASING = YES;
				CLANG_WARN_BOOL_CONVERSION = YES;
				CLANG_WARN_COMMA = YES;
				CLANG_WARN_CONSTANT_CONVERSION = YES;
				CLANG_WARN_DEPRECATED_OBJC_IMPLEMENTATIONS = YES;
				CLANG_WARN_DIRECT_OBJC_ISA_USAGE = YES_ERROR;
				CLANG_WARN_DOCUMENTATION_COMMENTS = YES;
				CLANG_WARN_EMPTY_BODY = YES;
				CLANG_WARN_ENUM_CONVERSION = YES;
				CLANG_WARN_INFINITE_RECURSION = YES;
				CLANG_WARN_INT_CONVERSION = YES;
				CLANG_WARN_NON_LITERAL_NULL_CONVERSION = YES;
				CLANG_WARN_OBJC_IMPLICIT_RETAIN_SELF = YES;
				CLANG_WARN_OBJC_LITERAL_CONVERSION = YES;
				CLANG_WARN_OBJC_ROOT_CLASS = YES_ERROR;
				CLANG_WARN_RANGE_LOOP_ANALYSIS = YES;
				CLANG_WARN_STRICT_PROTOTYPES = YES;
				CLANG_WARN_SUSPICIOUS_MOVE = YES;
				CLANG_WARN_UNGUARDED_AVAILABILITY = YES_AGGRESSIVE;
				CLANG_WARN_UNREACHABLE_CODE = YES;
				CLANG_WARN__DUPLICATE_METHOD_MATCH = YES;
				CODE_SIGN_IDENTITY = "iPhone Developer";
				COPY_PHASE_STRIP = NO;
				DEBUG_INFORMATION_FORMAT = "dwarf-with-dsym";
				ENABLE_NS_ASSERTIONS = NO;
				ENABLE_STRICT_OBJC_MSGSEND = YES;
				GCC_C_LANGUAGE_STANDARD = gnu11;
				GCC_NO_COMMON_BLOCKS = YES;
				GCC_WARN_64_TO_32_BIT_CONVERSION = YES;
				GCC_WARN_ABOUT_RETURN_TYPE = YES_ERROR;
				GCC_WARN_UNDECLARED_SELECTOR = YES;
				GCC_WARN_UNINITIALIZED_AUTOS = YES_AGGRESSIVE;
				GCC_WARN_UNUSED_FUNCTION = YES;
				GCC_WARN_UNUSED_VARIABLE = YES;
				IPHONEOS_DEPLOYMENT_TARGET = 12.4;
				MTL_ENABLE_DEBUG_INFO = NO;
				MTL_FAST_MATH = YES;
				SDKROOT = iphoneos;
				SWIFT_COMPILATION_MODE = wholemodule;
				SWIFT_OPTIMIZATION_LEVEL = "-O";
				VALIDATE_PRODUCT = YES;
			};
			name = Release;
		};
		3C2E3EA723E9A5F500BB569E /* Debug */ = {
			isa = XCBuildConfiguration;
			buildSettings = {
				ASSETCATALOG_COMPILER_APPICON_NAME = AppIcon;
				CODE_SIGN_STYLE = Automatic;
				DEVELOPMENT_TEAM = 3KXV8X84Q6;
				INFOPLIST_FILE = New/Info.plist;
				LD_RUNPATH_SEARCH_PATHS = (
					"$(inherited)",
					"@executable_path/Frameworks",
				);
				PRODUCT_BUNDLE_IDENTIFIER = Anjalee.New;
				PRODUCT_NAME = "$(TARGET_NAME)";
				SWIFT_VERSION = 5.0;
				TARGETED_DEVICE_FAMILY = "1,2";
			};
			name = Debug;
		};
		3C2E3EA823E9A5F500BB569E /* Release */ = {
			isa = XCBuildConfiguration;
			buildSettings = {
				ASSETCATALOG_COMPILER_APPICON_NAME = AppIcon;
				CODE_SIGN_STYLE = Automatic;
				DEVELOPMENT_TEAM = 3KXV8X84Q6;
				INFOPLIST_FILE = New/Info.plist;
				LD_RUNPATH_SEARCH_PATHS = (
					"$(inherited)",
					"@executable_path/Frameworks",
				);
				PRODUCT_BUNDLE_IDENTIFIER = Anjalee.New;
				PRODUCT_NAME = "$(TARGET_NAME)";
				SWIFT_VERSION = 5.0;
				TARGETED_DEVICE_FAMILY = "1,2";
			};
			name = Release;
		};
		3C2E3EAA23E9A5F500BB569E /* Debug */ = {
			isa = XCBuildConfiguration;
			buildSettings = {
				ALWAYS_EMBED_SWIFT_STANDARD_LIBRARIES = YES;
				CODE_SIGN_STYLE = Automatic;
				DEVELOPMENT_TEAM = 3KXV8X84Q6;
				INFOPLIST_FILE = NewUITests/Info.plist;
				LD_RUNPATH_SEARCH_PATHS = (
					"$(inherited)",
					"@executable_path/Frameworks",
					"@loader_path/Frameworks",
				);
				PRODUCT_BUNDLE_IDENTIFIER = Anjalee.NewUITests;
				PRODUCT_NAME = "$(TARGET_NAME)";
				SWIFT_VERSION = 5.0;
				TARGETED_DEVICE_FAMILY = "1,2";
				TEST_TARGET_NAME = New;
			};
			name = Debug;
		};
		3C2E3EAB23E9A5F500BB569E /* Release */ = {
			isa = XCBuildConfiguration;
			buildSettings = {
				ALWAYS_EMBED_SWIFT_STANDARD_LIBRARIES = YES;
				CODE_SIGN_STYLE = Automatic;
				DEVELOPMENT_TEAM = 3KXV8X84Q6;
				INFOPLIST_FILE = NewUITests/Info.plist;
				LD_RUNPATH_SEARCH_PATHS = (
					"$(inherited)",
					"@executable_path/Frameworks",
					"@loader_path/Frameworks",
				);
				PRODUCT_BUNDLE_IDENTIFIER = Anjalee.NewUITests;
				PRODUCT_NAME = "$(TARGET_NAME)";
				SWIFT_VERSION = 5.0;
				TARGETED_DEVICE_FAMILY = "1,2";
				TEST_TARGET_NAME = New;
			};
			name = Release;
		};
/* End XCBuildConfiguration section */

/* Begin XCConfigurationList section */
		3C2E3E8423E9A5F200BB569E /* Build configuration list for PBXProject "New" */ = {
			isa = XCConfigurationList;
			buildConfigurations = (
				3C2E3EA423E9A5F500BB569E /* Debug */,
				3C2E3EA523E9A5F500BB569E /* Release */,
			);
			defaultConfigurationIsVisible = 0;
			defaultConfigurationName = Release;
		};
		3C2E3EA623E9A5F500BB569E /* Build configuration list for PBXNativeTarget "New" */ = {
			isa = XCConfigurationList;
			buildConfigurations = (
				3C2E3EA723E9A5F500BB569E /* Debug */,
				3C2E3EA823E9A5F500BB569E /* Release */,
			);
			defaultConfigurationIsVisible = 0;
			defaultConfigurationName = Release;
		};
		3C2E3EA923E9A5F500BB569E /* Build configuration list for PBXNativeTarget "NewUITests" */ = {
			isa = XCConfigurationList;
			buildConfigurations = (
				3C2E3EAA23E9A5F500BB569E /* Debug */,
				3C2E3EAB23E9A5F500BB569E /* Release */,
			);
			defaultConfigurationIsVisible = 0;
			defaultConfigurationName = Release;
		};
/* End XCConfigurationList section */
	};
	rootObject = 3C2E3E8123E9A5F200BB569E /* Project object */;
}
